PODS:
  - Nimble (9.2.1)
  - Quick (1.2.0)
  - Slippers (0.1.1):
    - Slippers/StringId (= 0.1.1)
  - Slippers/StringId (0.1.1)

DEPENDENCIES:
  - Nimble (~> 9.2)
  - Quick (~> 1.2.0)
  - Slippers (from `../`)

SPEC REPOS:
  trunk:
    - Nimble
    - Quick

EXTERNAL SOURCES:
  Slippers:
    :path: "../"

SPEC CHECKSUMS:
  Nimble: e7e615c0335ee4bf5b0d786685451e62746117d5
  Quick: 58d203b1c5e27fff7229c4c1ae445ad7069a7a08
  Slippers: 2ef18395155a2d8c6aed87fe0411c80f76744369

PODFILE CHECKSUM: 25dbb8e74d48e3dd26f1ee18bfd059d7cda5102a

COCOAPODS: 1.11.2
