PODS:
  - Nimble (7.3.4)
  - Quick (1.2.0)
  - Slippers (0.1.0)

DEPENDENCIES:
  - Nimble (~> 7.0)
  - Quick (~> 1.2.0)
  - Slippers (from `../`)

SPEC REPOS:
  trunk:
    - Nimble
    - Quick

EXTERNAL SOURCES:
  Slippers:
    :path: "../"

SPEC CHECKSUMS:
  Nimble: 051e3d8912d40138fa5591c78594f95fb172af37
  Quick: 58d203b1c5e27fff7229c4c1ae445ad7069a7a08
  Slippers: 3638b45cd4b0d928df24666c27cabb85dfad9edf

PODFILE CHECKSUM: 46fb21d5a918cbdd071320e1d88b5342cfff47ab

COCOAPODS: 1.9.0
